<Solution>
  <Project Path="DoubleList/DoubleList.csproj" Id="3fcba86a-2b0e-4b87-9b26-5c3ea4e4bcb1" />
  <Project Path="LinkedLists.Console/LinkedLists.Console.csproj" Id="d59964af-7154-4685-85c6-0ee90f085a34" />
  <Project Path="Shared/Shared.csproj" Id="17630f4d-9373-4328-8926-91855c533dad" />
  <Project Path="SimpleList/SimpleList.csproj" Id="f9c9dca7-1238-490b-bc03-340525a464eb" />
</Solution>
